
Microsoft Visual Studio Solution File, Format Version 12.00
# Visual Studio Version 17
VisualStudioVersion = 17.6.33829.357
MinimumVisualStudioVersion = 10.0.40219.1
Project("{9A19103F-16F7-4668-BE54-9A1E7A4F7556}") = "BlazorWasmProfiler", "BlazorWasmProfiler\BlazorWasmProfiler.csproj", "{ABDA25F3-096A-455A-AD83-1636241FDDE3}"
EndProject
Project("{9A19103F-16F7-4668-BE54-9A1E7A4F7556}") = "BlazorWasmProfiler.Test", "BlazorWasmProfiler.Test\BlazorWasmProfiler.Test.csproj", "{FBF7409B-0167-40E6-AD40-775C2427D2D0}"
EndProject
Project("{9A19103F-16F7-4668-BE54-9A1E7A4F7556}") = "BlazorWasmProfiler.Generator", "BlazorWasmProfiler.Generator\BlazorWasmProfiler.Generator.csproj", "{0359DAB6-AD5C-40B4-87C7-244DDD0E13F0}"
EndProject
Project("{9A19103F-16F7-4668-BE54-9A1E7A4F7556}") = "BlazorWasmProfiler.Razor", "BlazorWasmProfiler.Razor\BlazorWasmProfiler.Razor.csproj", "{864CCD47-85E1-4EB4-BBB1-26DADC9A7E8B}"
EndProject
Global
	GlobalSection(SolutionConfigurationPlatforms) = preSolution
		Debug|Any CPU = Debug|Any CPU
		Release|Any CPU = Release|Any CPU
	EndGlobalSection
	GlobalSection(ProjectConfigurationPlatforms) = postSolution
		{ABDA25F3-096A-455A-AD83-1636241FDDE3}.Debug|Any CPU.ActiveCfg = Debug|Any CPU
		{ABDA25F3-096A-455A-AD83-1636241FDDE3}.Debug|Any CPU.Build.0 = Debug|Any CPU
		{ABDA25F3-096A-455A-AD83-1636241FDDE3}.Release|Any CPU.ActiveCfg = Release|Any CPU
		{ABDA25F3-096A-455A-AD83-1636241FDDE3}.Release|Any CPU.Build.0 = Release|Any CPU
		{FBF7409B-0167-40E6-AD40-775C2427D2D0}.Debug|Any CPU.ActiveCfg = Debug|Any CPU
		{FBF7409B-0167-40E6-AD40-775C2427D2D0}.Debug|Any CPU.Build.0 = Debug|Any CPU
		{FBF7409B-0167-40E6-AD40-775C2427D2D0}.Release|Any CPU.ActiveCfg = Release|Any CPU
		{FBF7409B-0167-40E6-AD40-775C2427D2D0}.Release|Any CPU.Build.0 = Release|Any CPU
		{0359DAB6-AD5C-40B4-87C7-244DDD0E13F0}.Debug|Any CPU.ActiveCfg = Debug|Any CPU
		{0359DAB6-AD5C-40B4-87C7-244DDD0E13F0}.Debug|Any CPU.Build.0 = Debug|Any CPU
		{0359DAB6-AD5C-40B4-87C7-244DDD0E13F0}.Release|Any CPU.ActiveCfg = Release|Any CPU
		{0359DAB6-AD5C-40B4-87C7-244DDD0E13F0}.Release|Any CPU.Build.0 = Release|Any CPU
		{864CCD47-85E1-4EB4-BBB1-26DADC9A7E8B}.Debug|Any CPU.ActiveCfg = Debug|Any CPU
		{864CCD47-85E1-4EB4-BBB1-26DADC9A7E8B}.Debug|Any CPU.Build.0 = Debug|Any CPU
		{864CCD47-85E1-4EB4-BBB1-26DADC9A7E8B}.Release|Any CPU.ActiveCfg = Release|Any CPU
		{864CCD47-85E1-4EB4-BBB1-26DADC9A7E8B}.Release|Any CPU.Build.0 = Release|Any CPU
	EndGlobalSection
	GlobalSection(SolutionProperties) = preSolution
		HideSolutionNode = FALSE
	EndGlobalSection
	GlobalSection(ExtensibilityGlobals) = postSolution
		SolutionGuid = {A0135EAF-DBC2-45B6-887A-C26B259F1B17}
	EndGlobalSection
EndGlobal
