
Microsoft Visual Studio Solution File, Format Version 12.00
# Visual Studio Version 17
VisualStudioVersion = 17.6.33829.357
MinimumVisualStudioVersion = 10.0.40219.1
Project("{9A19103F-16F7-4668-BE54-9A1E7A4F7556}") = "BlazorWasmProfiler", "BlazorWasmProfiler\BlazorWasmProfiler.csproj", "{ABDA25F3-096A-455A-AD83-1636241FDDE3}"
EndProject
Project("{9A19103F-16F7-4668-BE54-9A1E7A4F7556}") = "BlazorWasmProfiler.Test", "BlazorWasmProfiler.Test\BlazorWasmProfiler.Test.csproj", "{FBF7409B-0167-40E6-AD40-775C2427D2D0}"
EndProject
Project("{9A19103F-16F7-4668-BE54-9A1E7A4F7556}") = "BlazorWasmProfiler.Generator", "BlazorWasmProfiler.Generator\BlazorWasmProfiler.Generator.csproj", "{0359DAB6-AD5C-40B4-87C7-244DDD0E13F0}"
EndProject
Project("{9A19103F-16F7-4668-BE54-9A1E7A4F7556}") = "BlazorWasmProfiler.Razor", "BlazorWasmProfiler.Razor\BlazorWasmProfiler.Razor.csproj", "{864CCD47-85E1-4EB4-BBB1-26DADC9A7E8B}"
EndProject
Project("{9A19103F-16F7-4668-BE54-9A1E7A4F7556}") = "BlazorWasmProfiler.Core", "BlazorWasmProfiler.Core\BlazorWasmProfiler.Core.csproj", "{EEDE2F30-3349-4D33-B7D7-091A579A035D}"
EndProject
Project("{9A19103F-16F7-4668-BE54-9A1E7A4F7556}") = "BlazorWasmProfiler.Task", "BlazorWasmProfiler.Task\BlazorWasmProfiler.Task.csproj", "{B4DC98E0-14A7-4C4C-8EC8-EBE601AB6A42}"
EndProject
Project("{9A19103F-16F7-4668-BE54-9A1E7A4F7556}") = "BlazorWasmProfiler.Weaver", "BlazorWasmProfiler.Weaver\BlazorWasmProfiler.Weaver.csproj", "{92EE6F57-C640-4890-BB13-C5D423D3E9CE}"
EndProject
Global
	GlobalSection(SolutionConfigurationPlatforms) = preSolution
		Debug|Any CPU = Debug|Any CPU
		Release|Any CPU = Release|Any CPU
	EndGlobalSection
	GlobalSection(ProjectConfigurationPlatforms) = postSolution
		{ABDA25F3-096A-455A-AD83-1636241FDDE3}.Debug|Any CPU.ActiveCfg = Debug|Any CPU
		{ABDA25F3-096A-455A-AD83-1636241FDDE3}.Debug|Any CPU.Build.0 = Debug|Any CPU
		{ABDA25F3-096A-455A-AD83-1636241FDDE3}.Release|Any CPU.ActiveCfg = Release|Any CPU
		{ABDA25F3-096A-455A-AD83-1636241FDDE3}.Release|Any CPU.Build.0 = Release|Any CPU
		{FBF7409B-0167-40E6-AD40-775C2427D2D0}.Debug|Any CPU.ActiveCfg = Debug|Any CPU
		{FBF7409B-0167-40E6-AD40-775C2427D2D0}.Debug|Any CPU.Build.0 = Debug|Any CPU
		{FBF7409B-0167-40E6-AD40-775C2427D2D0}.Release|Any CPU.ActiveCfg = Release|Any CPU
		{FBF7409B-0167-40E6-AD40-775C2427D2D0}.Release|Any CPU.Build.0 = Release|Any CPU
		{0359DAB6-AD5C-40B4-87C7-244DDD0E13F0}.Debug|Any CPU.ActiveCfg = Debug|Any CPU
		{0359DAB6-AD5C-40B4-87C7-244DDD0E13F0}.Debug|Any CPU.Build.0 = Debug|Any CPU
		{0359DAB6-AD5C-40B4-87C7-244DDD0E13F0}.Release|Any CPU.ActiveCfg = Release|Any CPU
		{0359DAB6-AD5C-40B4-87C7-244DDD0E13F0}.Release|Any CPU.Build.0 = Release|Any CPU
		{864CCD47-85E1-4EB4-BBB1-26DADC9A7E8B}.Debug|Any CPU.ActiveCfg = Debug|Any CPU
		{864CCD47-85E1-4EB4-BBB1-26DADC9A7E8B}.Debug|Any CPU.Build.0 = Debug|Any CPU
		{864CCD47-85E1-4EB4-BBB1-26DADC9A7E8B}.Release|Any CPU.ActiveCfg = Release|Any CPU
		{864CCD47-85E1-4EB4-BBB1-26DADC9A7E8B}.Release|Any CPU.Build.0 = Release|Any CPU
		{EEDE2F30-3349-4D33-B7D7-091A579A035D}.Debug|Any CPU.ActiveCfg = Debug|Any CPU
		{EEDE2F30-3349-4D33-B7D7-091A579A035D}.Debug|Any CPU.Build.0 = Debug|Any CPU
		{EEDE2F30-3349-4D33-B7D7-091A579A035D}.Release|Any CPU.ActiveCfg = Release|Any CPU
		{EEDE2F30-3349-4D33-B7D7-091A579A035D}.Release|Any CPU.Build.0 = Release|Any CPU
		{B4DC98E0-14A7-4C4C-8EC8-EBE601AB6A42}.Debug|Any CPU.ActiveCfg = Debug|Any CPU
		{B4DC98E0-14A7-4C4C-8EC8-EBE601AB6A42}.Debug|Any CPU.Build.0 = Debug|Any CPU
		{B4DC98E0-14A7-4C4C-8EC8-EBE601AB6A42}.Release|Any CPU.ActiveCfg = Release|Any CPU
		{B4DC98E0-14A7-4C4C-8EC8-EBE601AB6A42}.Release|Any CPU.Build.0 = Release|Any CPU
		{92EE6F57-C640-4890-BB13-C5D423D3E9CE}.Debug|Any CPU.ActiveCfg = Debug|Any CPU
		{92EE6F57-C640-4890-BB13-C5D423D3E9CE}.Debug|Any CPU.Build.0 = Debug|Any CPU
		{92EE6F57-C640-4890-BB13-C5D423D3E9CE}.Release|Any CPU.ActiveCfg = Release|Any CPU
		{92EE6F57-C640-4890-BB13-C5D423D3E9CE}.Release|Any CPU.Build.0 = Release|Any CPU
	EndGlobalSection
	GlobalSection(SolutionProperties) = preSolution
		HideSolutionNode = FALSE
	EndGlobalSection
	GlobalSection(ExtensibilityGlobals) = postSolution
		SolutionGuid = {A0135EAF-DBC2-45B6-887A-C26B259F1B17}
	EndGlobalSection
EndGlobal
